
Microsoft Visual Studio Solution File, Format Version 12.00
# Visual Studio Version 17
VisualStudioVersion = 17.4.33103.184
MinimumVisualStudioVersion = 10.0.40219.1
Project("{FAE04EC0-301F-11D3-BF4B-00C04F79EFBC}") = "Lib1", "Lib1\Lib1.csproj", "{1B41D4ED-299C-4895-9E84-91BEE6B406EF}"
EndProject
Project("{FAE04EC0-301F-11D3-BF4B-00C04F79EFBC}") = "Lib2", "Lib2\Lib2.csproj", "{296C936F-16B9-4EA5-8DDD-02177FD0937E}"
EndProject
Project("{FAE04EC0-301F-11D3-BF4B-00C04F79EFBC}") = "AddIn", "AddIn\AddIn.csproj", "{D4CD3275-1111-47B0-9E85-F02E21DE2FEE}"
EndProject
Global
	GlobalSection(SolutionConfigurationPlatforms) = preSolution
		Debug|Any CPU = Debug|Any CPU
		Release|Any CPU = Release|Any CPU
	EndGlobalSection
	GlobalSection(ProjectConfigurationPlatforms) = postSolution
		{1B41D4ED-299C-4895-9E84-91BEE6B406EF}.Debug|Any CPU.ActiveCfg = Debug|Any CPU
		{1B41D4ED-299C-4895-9E84-91BEE6B406EF}.Debug|Any CPU.Build.0 = Debug|Any CPU
		{1B41D4ED-299C-4895-9E84-91BEE6B406EF}.Release|Any CPU.ActiveCfg = Release|Any CPU
		{1B41D4ED-299C-4895-9E84-91BEE6B406EF}.Release|Any CPU.Build.0 = Release|Any CPU
		{296C936F-16B9-4EA5-8DDD-02177FD0937E}.Debug|Any CPU.ActiveCfg = Debug|Any CPU
		{296C936F-16B9-4EA5-8DDD-02177FD0937E}.Debug|Any CPU.Build.0 = Debug|Any CPU
		{296C936F-16B9-4EA5-8DDD-02177FD0937E}.Release|Any CPU.ActiveCfg = Release|Any CPU
		{296C936F-16B9-4EA5-8DDD-02177FD0937E}.Release|Any CPU.Build.0 = Release|Any CPU
		{D4CD3275-1111-47B0-9E85-F02E21DE2FEE}.Debug|Any CPU.ActiveCfg = Debug|Any CPU
		{D4CD3275-1111-47B0-9E85-F02E21DE2FEE}.Debug|Any CPU.Build.0 = Debug|Any CPU
		{D4CD3275-1111-47B0-9E85-F02E21DE2FEE}.Release|Any CPU.ActiveCfg = Release|Any CPU
		{D4CD3275-1111-47B0-9E85-F02E21DE2FEE}.Release|Any CPU.Build.0 = Release|Any CPU
	EndGlobalSection
	GlobalSection(SolutionProperties) = preSolution
		HideSolutionNode = FALSE
	EndGlobalSection
	GlobalSection(ExtensibilityGlobals) = postSolution
		SolutionGuid = {98D7710E-BEFA-41C5-A632-1707E3D76612}
	EndGlobalSection
EndGlobal
